{
  "nodes": {
    "disko": {
      "inputs": {
        "nixpkgs": [
          "nixpkgs"
        ]
      },
      "locked": {
        "lastModified": 1730190761,
        "narHash": "sha256-o5m5WzvY6cGIDupuOvjgNSS8AN6yP2iI9MtUC6q/uos=",
        "owner": "nix-community",
        "repo": "disko",
        "rev": "3979285062d6781525cded0f6c4ff92e71376b55",
        "type": "github"
      },
      "original": {
        "owner": "nix-community",
        "repo": "disko",
        "type": "github"
      }
    },
    "emacs-overlay": {
      "inputs": {
        "nixpkgs": "nixpkgs",
        "nixpkgs-stable": "nixpkgs-stable"
      },
      "locked": {
        "lastModified": 1731290007,
        "narHash": "sha256-E8Caw6l/73iVFEYGch8Yc31fXCtSY30xxb+CsTN1gG0=",
        "owner": "nix-community",
        "repo": "emacs-overlay",
        "rev": "e94b9aef9633ffb9ea2bebe8c9b999618ec15109",
        "type": "github"
      },
      "original": {
        "owner": "nix-community",
        "repo": "emacs-overlay",
        "type": "github"
      }
    },
    "home-manager": {
      "inputs": {
        "nixpkgs": [
          "nixpkgs"
        ]
      },
      "locked": {
        "lastModified": 1730016908,
        "narHash": "sha256-bFCxJco7d8IgmjfNExNz9knP8wvwbXU4s/d53KOK6U0=",
        "owner": "nix-community",
        "repo": "home-manager",
        "rev": "e83414058edd339148dc142a8437edb9450574c8",
        "type": "github"
      },
      "original": {
        "owner": "nix-community",
        "ref": "master",
        "repo": "home-manager",
        "type": "github"
      }
    },
    "nixos": {
      "locked": {
        "lastModified": 1730200266,
        "narHash": "sha256-l253w0XMT8nWHGXuXqyiIC/bMvh1VRszGXgdpQlfhvU=",
        "owner": "nixos",
        "repo": "nixpkgs",
        "rev": "807e9154dcb16384b1b765ebe9cd2bba2ac287fd",
        "type": "github"
      },
      "original": {
        "owner": "nixos",
        "ref": "nixos-unstable",
        "repo": "nixpkgs",
        "type": "github"
      }
    },
    "nixpkgs": {
      "locked": {
        "lastModified": 1731139594,
        "narHash": "sha256-IigrKK3vYRpUu+HEjPL/phrfh7Ox881er1UEsZvw9Q4=",
        "owner": "NixOS",
        "repo": "nixpkgs",
        "rev": "76612b17c0ce71689921ca12d9ffdc9c23ce40b2",
        "type": "github"
      },
      "original": {
        "owner": "NixOS",
        "ref": "nixos-unstable",
        "repo": "nixpkgs",
        "type": "github"
      }
    },
    "nixpkgs-stable": {
      "locked": {
        "lastModified": 1730963269,
        "narHash": "sha256-rz30HrFYCHiWEBCKHMffHbMdWJ35hEkcRVU0h7ms3x0=",
        "owner": "NixOS",
        "repo": "nixpkgs",
        "rev": "83fb6c028368e465cd19bb127b86f971a5e41ebc",
        "type": "github"
      },
      "original": {
        "owner": "NixOS",
        "ref": "nixos-24.05",
        "repo": "nixpkgs",
        "type": "github"
      }
    },
    "nixpkgs_2": {
      "locked": {
        "lastModified": 1730272153,
        "narHash": "sha256-B5WRZYsRlJgwVHIV6DvidFN7VX7Fg9uuwkRW9Ha8z+w=",
        "owner": "nixos",
        "repo": "nixpkgs",
        "rev": "2d2a9ddbe3f2c00747398f3dc9b05f7f2ebb0f53",
        "type": "github"
      },
      "original": {
        "owner": "nixos",
        "ref": "nixpkgs-unstable",
        "repo": "nixpkgs",
        "type": "github"
      }
    },
    "oldnixpkgs": {
      "locked": {
        "lastModified": 1730428893,
        "narHash": "sha256-fLLUd2dO/Vnf96UDr8YPzerYi+n99l3S5yIUDnmcPBE=",
        "owner": "nixos",
        "repo": "nixpkgs",
        "rev": "38edd08881ce4dc24056eec173b43587a93c990f",
        "type": "github"
      },
      "original": {
        "owner": "nixos",
        "ref": "release-24.05",
        "repo": "nixpkgs",
        "type": "github"
      }
    },
    "plasma-manager": {
      "inputs": {
        "home-manager": [
          "home-manager"
        ],
        "nixpkgs": [
          "nixpkgs"
        ]
      },
      "locked": {
        "lastModified": 1730366788,
        "narHash": "sha256-0Ezvv4KkyFdLAblPBFDgZbiMLlJZtpHruT2i4KC2wIY=",
        "owner": "pjones",
        "repo": "plasma-manager",
        "rev": "f634d5f6ee9be365b2ca08b2d00e0e3b0c240b9e",
        "type": "github"
      },
      "original": {
        "owner": "pjones",
        "repo": "plasma-manager",
        "type": "github"
      }
    },
    "root": {
      "inputs": {
        "disko": "disko",
        "emacs-overlay": "emacs-overlay",
        "home-manager": "home-manager",
        "nixos": "nixos",
        "nixpkgs": "nixpkgs_2",
        "oldnixpkgs": "oldnixpkgs",
        "plasma-manager": "plasma-manager",
        "spacemacs": "spacemacs"
      }
    },
    "spacemacs": {
      "flake": false,
      "locked": {
        "lastModified": 1731316655,
        "narHash": "sha256-TWSGTLbnaAOZp0+j0F2yjCCnXGbfBEPWa29LylzxyT0=",
        "owner": "syl20bnr",
        "repo": "spacemacs",
        "rev": "d52d633384fc4bc38bf8c43bd7fc0a800fa00802",
        "type": "github"
      },
      "original": {
        "owner": "syl20bnr",
        "repo": "spacemacs",
        "type": "github"
      }
    }
  },
  "root": "root",
  "version": 7
}
